
Microsoft Visual Studio Solution File, Format Version 12.00
# Visual Studio 15
VisualStudioVersion = 15.0.26206.0
MinimumVisualStudioVersion = 15.0.26124.0
Project("{FAE04EC0-301F-11D3-BF4B-00C04F79EFBC}") = "ShaneSpace.VisualStudio.InvisibleCharacterVisualizer", "src\ShaneSpace.VisualStudio.InvisibleCharacterVisualizer\ShaneSpace.VisualStudio.InvisibleCharacterVisualizer.csproj", "{896D2ED8-1D3C-4255-A4D8-2E2933ECBF51}"
EndProject
Project("{2150E333-8FDC-42A3-9474-1A3956D46DE8}") = "solution items", "solution items", "{DDE2AF8B-8A99-46A2-99F6-339D91A7C72F}"
	ProjectSection(SolutionItems) = preProject
		.editorconfig = .editorconfig
		.gitattributes = .gitattributes
		.gitignore = .gitignore
		README.md = README.md
	EndProjectSection
EndProject
Project("{2150E333-8FDC-42A3-9474-1A3956D46DE8}") = "code style", "code style", "{DE5DFB6F-217D-4D81-8B26-9637C4B6DF17}"
	ProjectSection(SolutionItems) = preProject
		InvisibleCharacterVisualizer.CodeAnalysis.ruleset = InvisibleCharacterVisualizer.CodeAnalysis.ruleset
		ShaneSpace.VisualStudio.InvisibleCharacterVisualizer.sln.DotSettings = ShaneSpace.VisualStudio.InvisibleCharacterVisualizer.sln.DotSettings
		src\ShaneSpace.VisualStudio.InvisibleCharacterVisualizer\stylecop.json = src\ShaneSpace.VisualStudio.InvisibleCharacterVisualizer\stylecop.json
	EndProjectSection
EndProject
Global
	GlobalSection(SolutionConfigurationPlatforms) = preSolution
		Debug|Any CPU = Debug|Any CPU
		Debug|x64 = Debug|x64
		Debug|x86 = Debug|x86
		Release|Any CPU = Release|Any CPU
		Release|x64 = Release|x64
		Release|x86 = Release|x86
	EndGlobalSection
	GlobalSection(ProjectConfigurationPlatforms) = postSolution
		{896D2ED8-1D3C-4255-A4D8-2E2933ECBF51}.Debug|Any CPU.ActiveCfg = Debug|Any CPU
		{896D2ED8-1D3C-4255-A4D8-2E2933ECBF51}.Debug|Any CPU.Build.0 = Debug|Any CPU
		{896D2ED8-1D3C-4255-A4D8-2E2933ECBF51}.Debug|x64.ActiveCfg = Debug|Any CPU
		{896D2ED8-1D3C-4255-A4D8-2E2933ECBF51}.Debug|x64.Build.0 = Debug|Any CPU
		{896D2ED8-1D3C-4255-A4D8-2E2933ECBF51}.Debug|x86.ActiveCfg = Debug|Any CPU
		{896D2ED8-1D3C-4255-A4D8-2E2933ECBF51}.Debug|x86.Build.0 = Debug|Any CPU
		{896D2ED8-1D3C-4255-A4D8-2E2933ECBF51}.Release|Any CPU.ActiveCfg = Release|Any CPU
		{896D2ED8-1D3C-4255-A4D8-2E2933ECBF51}.Release|Any CPU.Build.0 = Release|Any CPU
		{896D2ED8-1D3C-4255-A4D8-2E2933ECBF51}.Release|x64.ActiveCfg = Release|Any CPU
		{896D2ED8-1D3C-4255-A4D8-2E2933ECBF51}.Release|x64.Build.0 = Release|Any CPU
		{896D2ED8-1D3C-4255-A4D8-2E2933ECBF51}.Release|x86.ActiveCfg = Release|Any CPU
		{896D2ED8-1D3C-4255-A4D8-2E2933ECBF51}.Release|x86.Build.0 = Release|Any CPU
	EndGlobalSection
	GlobalSection(SolutionProperties) = preSolution
		HideSolutionNode = FALSE
	EndGlobalSection
	GlobalSection(NestedProjects) = preSolution
		{DE5DFB6F-217D-4D81-8B26-9637C4B6DF17} = {DDE2AF8B-8A99-46A2-99F6-339D91A7C72F}
	EndGlobalSection
EndGlobal
